// !$*UTF8*$!
{
	archiveVersion = 1;
	classes = {
	};
	objectVersion = 50;
	objects = {

/* Begin PBXBuildFile section */
		1C230CF22A93FB8200D15A4A /* AppDelegate.swift in Sources */ = {isa = PBXBuildFile; fileRef = 1C230CF12A93FB8200D15A4A /* AppDelegate.swift */; };
		1C230CF42A93FB8200D15A4A /* SceneDelegate.swift in Sources */ = {isa = PBXBuildFile; fileRef = 1C230CF32A93FB8200D15A4A /* SceneDelegate.swift */; };
		1C230CF62A93FB8200D15A4A /* ViewController.swift in Sources */ = {isa = PBXBuildFile; fileRef = 1C230CF52A93FB8200D15A4A /* ViewController.swift */; };
		1C230CF92A93FB8200D15A4A /* Main.storyboard in Resources */ = {isa = PBXBuildFile; fileRef = 1C230CF72A93FB8200D15A4A /* Main.storyboard */; };
		1C230CFB2A93FB9200D15A4A /* Assets.xcassets in Resources */ = {isa = PBXBuildFile; fileRef = 1C230CFA2A93FB9200D15A4A /* Assets.xcassets */; };
		1C230CFE2A93FB9200D15A4A /* LaunchScreen.storyboard in Resources */ = {isa = PBXBuildFile; fileRef = 1C230CFC2A93FB9200D15A4A /* LaunchScreen.storyboard */; };
		1C230D092A93FB9200D15A4A /* Table_ViewTests.swift in Sources */ = {isa = PBXBuildFile; fileRef = 1C230D082A93FB9200D15A4A /* Table_ViewTests.swift */; };
		1C230D142A93FB9200D15A4A /* Table_ViewUITests.swift in Sources */ = {isa = PBXBuildFile; fileRef = 1C230D132A93FB9200D15A4A /* Table_ViewUITests.swift */; };
		1C230D252A94000700D15A4A /* CustomTableViewCell.swift in Sources */ = {isa = PBXBuildFile; fileRef = 1C230D242A94000700D15A4A /* CustomTableViewCell.swift */; };
		379C13AB89AD86021CC86766 /* Pods_Table_ViewTests.framework in Frameworks */ = {isa = PBXBuildFile; fileRef = 11E9AC6771F45470793F1C2B /* Pods_Table_ViewTests.framework */; };
		57E957AA69434888D9A809F2 /* Pods_Table_View.framework in Frameworks */ = {isa = PBXBuildFile; fileRef = 248B43F21411566E61857B5D /* Pods_Table_View.framework */; };
		AE0569D09448089646F5CDCA /* Pods_Table_View_Table_ViewUITests.framework in Frameworks */ = {isa = PBXBuildFile; fileRef = BC1C80B21350E924AC04484C /* Pods_Table_View_Table_ViewUITests.framework */; };
/* End PBXBuildFile section */

/* Begin PBXContainerItemProxy section */
		1C230D052A93FB9200D15A4A /* PBXContainerItemProxy */ = {
			isa = PBXContainerItemProxy;
			containerPortal = 1C230CE62A93FB8200D15A4A /* Project object */;
			proxyType = 1;
			remoteGlobalIDString = 1C230CED2A93FB8200D15A4A;
			remoteInfo = "Table View";
		};
		1C230D102A93FB9200D15A4A /* PBXContainerItemProxy */ = {
			isa = PBXContainerItemProxy;
			containerPortal = 1C230CE62A93FB8200D15A4A /* Project object */;
			proxyType = 1;
			remoteGlobalIDString = 1C230CED2A93FB8200D15A4A;
			remoteInfo = "Table View";
		};
/* End PBXContainerItemProxy section */

/* Begin PBXFileReference section */
		11E9AC6771F45470793F1C2B /* Pods_Table_ViewTests.framework */ = {isa = PBXFileReference; explicitFileType = wrapper.framework; includeInIndex = 0; path = Pods_Table_ViewTests.framework; sourceTree = BUILT_PRODUCTS_DIR; };
		1C230CEE2A93FB8200D15A4A /* Table View.app */ = {isa = PBXFileReference; explicitFileType = wrapper.application; includeInIndex = 0; path = "Table View.app"; sourceTree = BUILT_PRODUCTS_DIR; };
		1C230CF12A93FB8200D15A4A /* AppDelegate.swift */ = {isa = PBXFileReference; lastKnownFileType = sourcecode.swift; path = AppDelegate.swift; sourceTree = "<group>"; };
		1C230CF32A93FB8200D15A4A /* SceneDelegate.swift */ = {isa = PBXFileReference; lastKnownFileType = sourcecode.swift; path = SceneDelegate.swift; sourceTree = "<group>"; };
		1C230CF52A93FB8200D15A4A /* ViewController.swift */ = {isa = PBXFileReference; lastKnownFileType = sourcecode.swift; path = ViewController.swift; sourceTree = "<group>"; };
		1C230CF82A93FB8200D15A4A /* Base */ = {isa = PBXFileReference; lastKnownFileType = file.storyboard; name = Base; path = Base.lproj/Main.storyboard; sourceTree = "<group>"; };
		1C230CFA2A93FB9200D15A4A /* Assets.xcassets */ = {isa = PBXFileReference; lastKnownFileType = folder.assetcatalog; path = Assets.xcassets; sourceTree = "<group>"; };
		1C230CFD2A93FB9200D15A4A /* Base */ = {isa = PBXFileReference; lastKnownFileType = file.storyboard; name = Base; path = Base.lproj/LaunchScreen.storyboard; sourceTree = "<group>"; };
		1C230CFF2A93FB9200D15A4A /* Info.plist */ = {isa = PBXFileReference; lastKnownFileType = text.plist.xml; path = Info.plist; sourceTree = "<group>"; };
		1C230D042A93FB9200D15A4A /* Table ViewTests.xctest */ = {isa = PBXFileReference; explicitFileType = wrapper.cfbundle; includeInIndex = 0; path = "Table ViewTests.xctest"; sourceTree = BUILT_PRODUCTS_DIR; };
		1C230D082A93FB9200D15A4A /* Table_ViewTests.swift */ = {isa = PBXFileReference; lastKnownFileType = sourcecode.swift; path = Table_ViewTests.swift; sourceTree = "<group>"; };
		1C230D0A2A93FB9200D15A4A /* Info.plist */ = {isa = PBXFileReference; lastKnownFileType = text.plist.xml; path = Info.plist; sourceTree = "<group>"; };
		1C230D0F2A93FB9200D15A4A /* Table ViewUITests.xctest */ = {isa = PBXFileReference; explicitFileType = wrapper.cfbundle; includeInIndex = 0; path = "Table ViewUITests.xctest"; sourceTree = BUILT_PRODUCTS_DIR; };
		1C230D132A93FB9200D15A4A /* Table_ViewUITests.swift */ = {isa = PBXFileReference; lastKnownFileType = sourcecode.swift; path = Table_ViewUITests.swift; sourceTree = "<group>"; };
		1C230D152A93FB9200D15A4A /* Info.plist */ = {isa = PBXFileReference; lastKnownFileType = text.plist.xml; path = Info.plist; sourceTree = "<group>"; };
		1C230D242A94000700D15A4A /* CustomTableViewCell.swift */ = {isa = PBXFileReference; lastKnownFileType = sourcecode.swift; path = CustomTableViewCell.swift; sourceTree = "<group>"; };
		248B43F21411566E61857B5D /* Pods_Table_View.framework */ = {isa = PBXFileReference; explicitFileType = wrapper.framework; includeInIndex = 0; path = Pods_Table_View.framework; sourceTree = BUILT_PRODUCTS_DIR; };
		50BCF10E8BF5FB3D2EC16507 /* Pods-Table View-Table ViewUITests.debug.xcconfig */ = {isa = PBXFileReference; includeInIndex = 1; lastKnownFileType = text.xcconfig; name = "Pods-Table View-Table ViewUITests.debug.xcconfig"; path = "Target Support Files/Pods-Table View-Table ViewUITests/Pods-Table View-Table ViewUITests.debug.xcconfig"; sourceTree = "<group>"; };
		A5A09F90821046E10D5D6CA9 /* Pods-Table View.debug.xcconfig */ = {isa = PBXFileReference; includeInIndex = 1; lastKnownFileType = text.xcconfig; name = "Pods-Table View.debug.xcconfig"; path = "Target Support Files/Pods-Table View/Pods-Table View.debug.xcconfig"; sourceTree = "<group>"; };
		BC1C80B21350E924AC04484C /* Pods_Table_View_Table_ViewUITests.framework */ = {isa = PBXFileReference; explicitFileType = wrapper.framework; includeInIndex = 0; path = Pods_Table_View_Table_ViewUITests.framework; sourceTree = BUILT_PRODUCTS_DIR; };
		CC84A1DA226B25123406916B /* Pods-Table View-Table ViewUITests.release.xcconfig */ = {isa = PBXFileReference; includeInIndex = 1; lastKnownFileType = text.xcconfig; name = "Pods-Table View-Table ViewUITests.release.xcconfig"; path = "Target Support Files/Pods-Table View-Table ViewUITests/Pods-Table View-Table ViewUITests.release.xcconfig"; sourceTree = "<group>"; };
		D4936621C326897DDE493879 /* Pods-Table View.release.xcconfig */ = {isa = PBXFileReference; includeInIndex = 1; lastKnownFileType = text.xcconfig; name = "Pods-Table View.release.xcconfig"; path = "Target Support Files/Pods-Table View/Pods-Table View.release.xcconfig"; sourceTree = "<group>"; };
		DEC843F7D7946F248D28B557 /* Pods-Table ViewTests.debug.xcconfig */ = {isa = PBXFileReference; includeInIndex = 1; lastKnownFileType = text.xcconfig; name = "Pods-Table ViewTests.debug.xcconfig"; path = "Target Support Files/Pods-Table ViewTests/Pods-Table ViewTests.debug.xcconfig"; sourceTree = "<group>"; };
		F81E574BE3CB05486BC9542D /* Pods-Table ViewTests.release.xcconfig */ = {isa = PBXFileReference; includeInIndex = 1; lastKnownFileType = text.xcconfig; name = "Pods-Table ViewTests.release.xcconfig"; path = "Target Support Files/Pods-Table ViewTests/Pods-Table ViewTests.release.xcconfig"; sourceTree = "<group>"; };
/* End PBXFileReference section */

/* Begin PBXFrameworksBuildPhase section */
		1C230CEB2A93FB8200D15A4A /* Frameworks */ = {
			isa = PBXFrameworksBuildPhase;
			buildActionMask = 2147483647;
			files = (
				57E957AA69434888D9A809F2 /* Pods_Table_View.framework in Frameworks */,
			);
			runOnlyForDeploymentPostprocessing = 0;
		};
		1C230D012A93FB9200D15A4A /* Frameworks */ = {
			isa = PBXFrameworksBuildPhase;
			buildActionMask = 2147483647;
			files = (
				379C13AB89AD86021CC86766 /* Pods_Table_ViewTests.framework in Frameworks */,
			);
			runOnlyForDeploymentPostprocessing = 0;
		};
		1C230D0C2A93FB9200D15A4A /* Frameworks */ = {
			isa = PBXFrameworksBuildPhase;
			buildActionMask = 2147483647;
			files = (
				AE0569D09448089646F5CDCA /* Pods_Table_View_Table_ViewUITests.framework in Frameworks */,
			);
			runOnlyForDeploymentPostprocessing = 0;
		};
/* End PBXFrameworksBuildPhase section */

/* Begin PBXGroup section */
		1C230CE52A93FB8200D15A4A = {
			isa = PBXGroup;
			children = (
				1C230CF02A93FB8200D15A4A /* Table View */,
				1C230D072A93FB9200D15A4A /* Table ViewTests */,
				1C230D122A93FB9200D15A4A /* Table ViewUITests */,
				1C230CEF2A93FB8200D15A4A /* Products */,
				C164F5457F3CC8AF5A17206F /* Pods */,
				7DB6BD66FD4044AF262D5F69 /* Frameworks */,
			);
			sourceTree = "<group>";
		};
		1C230CEF2A93FB8200D15A4A /* Products */ = {
			isa = PBXGroup;
			children = (
				1C230CEE2A93FB8200D15A4A /* Table View.app */,
				1C230D042A93FB9200D15A4A /* Table ViewTests.xctest */,
				1C230D0F2A93FB9200D15A4A /* Table ViewUITests.xctest */,
			);
			name = Products;
			sourceTree = "<group>";
		};
		1C230CF02A93FB8200D15A4A /* Table View */ = {
			isa = PBXGroup;
			children = (
				1C230CF12A93FB8200D15A4A /* AppDelegate.swift */,
				1C230CF32A93FB8200D15A4A /* SceneDelegate.swift */,
				1C230CF52A93FB8200D15A4A /* ViewController.swift */,
				1C230CF72A93FB8200D15A4A /* Main.storyboard */,
				1C230CFA2A93FB9200D15A4A /* Assets.xcassets */,
				1C230CFC2A93FB9200D15A4A /* LaunchScreen.storyboard */,
				1C230CFF2A93FB9200D15A4A /* Info.plist */,
				1C230D242A94000700D15A4A /* CustomTableViewCell.swift */,
			);
			path = "Table View";
			sourceTree = "<group>";
		};
		1C230D072A93FB9200D15A4A /* Table ViewTests */ = {
			isa = PBXGroup;
			children = (
				1C230D082A93FB9200D15A4A /* Table_ViewTests.swift */,
				1C230D0A2A93FB9200D15A4A /* Info.plist */,
			);
			path = "Table ViewTests";
			sourceTree = "<group>";
		};
		1C230D122A93FB9200D15A4A /* Table ViewUITests */ = {
			isa = PBXGroup;
			children = (
				1C230D132A93FB9200D15A4A /* Table_ViewUITests.swift */,
				1C230D152A93FB9200D15A4A /* Info.plist */,
			);
			path = "Table ViewUITests";
			sourceTree = "<group>";
		};
		7DB6BD66FD4044AF262D5F69 /* Frameworks */ = {
			isa = PBXGroup;
			children = (
				248B43F21411566E61857B5D /* Pods_Table_View.framework */,
				BC1C80B21350E924AC04484C /* Pods_Table_View_Table_ViewUITests.framework */,
				11E9AC6771F45470793F1C2B /* Pods_Table_ViewTests.framework */,
			);
			name = Frameworks;
			sourceTree = "<group>";
		};
		C164F5457F3CC8AF5A17206F /* Pods */ = {
			isa = PBXGroup;
			children = (
				A5A09F90821046E10D5D6CA9 /* Pods-Table View.debug.xcconfig */,
				D4936621C326897DDE493879 /* Pods-Table View.release.xcconfig */,
				50BCF10E8BF5FB3D2EC16507 /* Pods-Table View-Table ViewUITests.debug.xcconfig */,
				CC84A1DA226B25123406916B /* Pods-Table View-Table ViewUITests.release.xcconfig */,
				DEC843F7D7946F248D28B557 /* Pods-Table ViewTests.debug.xcconfig */,
				F81E574BE3CB05486BC9542D /* Pods-Table ViewTests.release.xcconfig */,
			);
			name = Pods;
			path = Pods;
			sourceTree = "<group>";
		};
/* End PBXGroup section */

/* Begin PBXNativeTarget section */
		1C230CED2A93FB8200D15A4A /* Table View */ = {
			isa = PBXNativeTarget;
			buildConfigurationList = 1C230D182A93FB9200D15A4A /* Build configuration list for PBXNativeTarget "Table View" */;
			buildPhases = (
				99C6472FE30340CFB2869B82 /* [CP] Check Pods Manifest.lock */,
				1C230CEA2A93FB8200D15A4A /* Sources */,
				1C230CEB2A93FB8200D15A4A /* Frameworks */,
				1C230CEC2A93FB8200D15A4A /* Resources */,
			);
			buildRules = (
			);
			dependencies = (
			);
			name = "Table View";
			productName = "Table View";
			productReference = 1C230CEE2A93FB8200D15A4A /* Table View.app */;
			productType = "com.apple.product-type.application";
		};
		1C230D032A93FB9200D15A4A /* Table ViewTests */ = {
			isa = PBXNativeTarget;
			buildConfigurationList = 1C230D1B2A93FB9200D15A4A /* Build configuration list for PBXNativeTarget "Table ViewTests" */;
			buildPhases = (
				1DA70D797DD6C4C8A98B68FF /* [CP] Check Pods Manifest.lock */,
				1C230D002A93FB9200D15A4A /* Sources */,
				1C230D012A93FB9200D15A4A /* Frameworks */,
				1C230D022A93FB9200D15A4A /* Resources */,
			);
			buildRules = (
			);
			dependencies = (
				1C230D062A93FB9200D15A4A /* PBXTargetDependency */,
			);
			name = "Table ViewTests";
			productName = "Table ViewTests";
			productReference = 1C230D042A93FB9200D15A4A /* Table ViewTests.xctest */;
			productType = "com.apple.product-type.bundle.unit-test";
		};
		1C230D0E2A93FB9200D15A4A /* Table ViewUITests */ = {
			isa = PBXNativeTarget;
			buildConfigurationList = 1C230D1E2A93FB9200D15A4A /* Build configuration list for PBXNativeTarget "Table ViewUITests" */;
			buildPhases = (
				505EA30B354ECFB3856995EF /* [CP] Check Pods Manifest.lock */,
				1C230D0B2A93FB9200D15A4A /* Sources */,
				1C230D0C2A93FB9200D15A4A /* Frameworks */,
				1C230D0D2A93FB9200D15A4A /* Resources */,
			);
			buildRules = (
			);
			dependencies = (
				1C230D112A93FB9200D15A4A /* PBXTargetDependency */,
			);
			name = "Table ViewUITests";
			productName = "Table ViewUITests";
			productReference = 1C230D0F2A93FB9200D15A4A /* Table ViewUITests.xctest */;
			productType = "com.apple.product-type.bundle.ui-testing";
		};
/* End PBXNativeTarget section */

/* Begin PBXProject section */
		1C230CE62A93FB8200D15A4A /* Project object */ = {
			isa = PBXProject;
			attributes = {
				LastSwiftUpdateCheck = 1240;
				LastUpgradeCheck = 1240;
				TargetAttributes = {
					1C230CED2A93FB8200D15A4A = {
						CreatedOnToolsVersion = 12.4;
					};
					1C230D032A93FB9200D15A4A = {
						CreatedOnToolsVersion = 12.4;
						TestTargetID = 1C230CED2A93FB8200D15A4A;
					};
					1C230D0E2A93FB9200D15A4A = {
						CreatedOnToolsVersion = 12.4;
						TestTargetID = 1C230CED2A93FB8200D15A4A;
					};
				};
			};
			buildConfigurationList = 1C230CE92A93FB8200D15A4A /* Build configuration list for PBXProject "Table View" */;
			compatibilityVersion = "Xcode 9.3";
			developmentRegion = en;
			hasScannedForEncodings = 0;
			knownRegions = (
				en,
				Base,
			);
			mainGroup = 1C230CE52A93FB8200D15A4A;
			productRefGroup = 1C230CEF2A93FB8200D15A4A /* Products */;
			projectDirPath = "";
			projectRoot = "";
			targets = (
				1C230CED2A93FB8200D15A4A /* Table View */,
				1C230D032A93FB9200D15A4A /* Table ViewTests */,
				1C230D0E2A93FB9200D15A4A /* Table ViewUITests */,
			);
		};
/* End PBXProject section */

/* Begin PBXResourcesBuildPhase section */
		1C230CEC2A93FB8200D15A4A /* Resources */ = {
			isa = PBXResourcesBuildPhase;
			buildActionMask = 2147483647;
			files = (
				1C230CFE2A93FB9200D15A4A /* LaunchScreen.storyboard in Resources */,
				1C230CFB2A93FB9200D15A4A /* Assets.xcassets in Resources */,
				1C230CF92A93FB8200D15A4A /* Main.storyboard in Resources */,
			);
			runOnlyForDeploymentPostprocessing = 0;
		};
		1C230D022A93FB9200D15A4A /* Resources */ = {
			isa = PBXResourcesBuildPhase;
			buildActionMask = 2147483647;
			files = (
			);
			runOnlyForDeploymentPostprocessing = 0;
		};
		1C230D0D2A93FB9200D15A4A /* Resources */ = {
			isa = PBXResourcesBuildPhase;
			buildActionMask = 2147483647;
			files = (
			);
			runOnlyForDeploymentPostprocessing = 0;
		};
/* End PBXResourcesBuildPhase section */

/* Begin PBXShellScriptBuildPhase section */
		1DA70D797DD6C4C8A98B68FF /* [CP] Check Pods Manifest.lock */ = {
			isa = PBXShellScriptBuildPhase;
			buildActionMask = 2147483647;
			files = (
			);
			inputFileListPaths = (
			);
			inputPaths = (
				"${PODS_PODFILE_DIR_PATH}/Podfile.lock",
				"${PODS_ROOT}/Manifest.lock",
			);
			name = "[CP] Check Pods Manifest.lock";
			outputFileListPaths = (
			);
			outputPaths = (
				"$(DERIVED_FILE_DIR)/Pods-Table ViewTests-checkManifestLockResult.txt",
			);
			runOnlyForDeploymentPostprocessing = 0;
			shellPath = /bin/sh;
			shellScript = "diff \"${PODS_PODFILE_DIR_PATH}/Podfile.lock\" \"${PODS_ROOT}/Manifest.lock\" > /dev/null\nif [ $? != 0 ] ; then\n    # print error to STDERR\n    echo \"error: The sandbox is not in sync with the Podfile.lock. Run 'pod install' or update your CocoaPods installation.\" >&2\n    exit 1\nfi\n# This output is used by Xcode 'outputs' to avoid re-running this script phase.\necho \"SUCCESS\" > \"${SCRIPT_OUTPUT_FILE_0}\"\n";
			showEnvVarsInLog = 0;
		};
		505EA30B354ECFB3856995EF /* [CP] Check Pods Manifest.lock */ = {
			isa = PBXShellScriptBuildPhase;
			buildActionMask = 2147483647;
			files = (
			);
			inputFileListPaths = (
			);
			inputPaths = (
				"${PODS_PODFILE_DIR_PATH}/Podfile.lock",
				"${PODS_ROOT}/Manifest.lock",
			);
			name = "[CP] Check Pods Manifest.lock";
			outputFileListPaths = (
			);
			outputPaths = (
				"$(DERIVED_FILE_DIR)/Pods-Table View-Table ViewUITests-checkManifestLockResult.txt",
			);
			runOnlyForDeploymentPostprocessing = 0;
			shellPath = /bin/sh;
			shellScript = "diff \"${PODS_PODFILE_DIR_PATH}/Podfile.lock\" \"${PODS_ROOT}/Manifest.lock\" > /dev/null\nif [ $? != 0 ] ; then\n    # print error to STDERR\n    echo \"error: The sandbox is not in sync with the Podfile.lock. Run 'pod install' or update your CocoaPods installation.\" >&2\n    exit 1\nfi\n# This output is used by Xcode 'outputs' to avoid re-running this script phase.\necho \"SUCCESS\" > \"${SCRIPT_OUTPUT_FILE_0}\"\n";
			showEnvVarsInLog = 0;
		};
		99C6472FE30340CFB2869B82 /* [CP] Check Pods Manifest.lock */ = {
			isa = PBXShellScriptBuildPhase;
			buildActionMask = 2147483647;
			files = (
			);
			inputFileListPaths = (
			);
			inputPaths = (
				"${PODS_PODFILE_DIR_PATH}/Podfile.lock",
				"${PODS_ROOT}/Manifest.lock",
			);
			name = "[CP] Check Pods Manifest.lock";
			outputFileListPaths = (
			);
			outputPaths = (
				"$(DERIVED_FILE_DIR)/Pods-Table View-checkManifestLockResult.txt",
			);
			runOnlyForDeploymentPostprocessing = 0;
			shellPath = /bin/sh;
			shellScript = "diff \"${PODS_PODFILE_DIR_PATH}/Podfile.lock\" \"${PODS_ROOT}/Manifest.lock\" > /dev/null\nif [ $? != 0 ] ; then\n    # print error to STDERR\n    echo \"error: The sandbox is not in sync with the Podfile.lock. Run 'pod install' or update your CocoaPods installation.\" >&2\n    exit 1\nfi\n# This output is used by Xcode 'outputs' to avoid re-running this script phase.\necho \"SUCCESS\" > \"${SCRIPT_OUTPUT_FILE_0}\"\n";
			showEnvVarsInLog = 0;
		};
/* End PBXShellScriptBuildPhase section */

/* Begin PBXSourcesBuildPhase section */
		1C230CEA2A93FB8200D15A4A /* Sources */ = {
			isa = PBXSourcesBuildPhase;
			buildActionMask = 2147483647;
			files = (
				1C230CF62A93FB8200D15A4A /* ViewController.swift in Sources */,
				1C230CF22A93FB8200D15A4A /* AppDelegate.swift in Sources */,
				1C230D252A94000700D15A4A /* CustomTableViewCell.swift in Sources */,
				1C230CF42A93FB8200D15A4A /* SceneDelegate.swift in Sources */,
			);
			runOnlyForDeploymentPostprocessing = 0;
		};
		1C230D002A93FB9200D15A4A /* Sources */ = {
			isa = PBXSourcesBuildPhase;
			buildActionMask = 2147483647;
			files = (
				1C230D092A93FB9200D15A4A /* Table_ViewTests.swift in Sources */,
			);
			runOnlyForDeploymentPostprocessing = 0;
		};
		1C230D0B2A93FB9200D15A4A /* Sources */ = {
			isa = PBXSourcesBuildPhase;
			buildActionMask = 2147483647;
			files = (
				1C230D142A93FB9200D15A4A /* Table_ViewUITests.swift in Sources */,
			);
			runOnlyForDeploymentPostprocessing = 0;
		};
/* End PBXSourcesBuildPhase section */

/* Begin PBXTargetDependency section */
		1C230D062A93FB9200D15A4A /* PBXTargetDependency */ = {
			isa = PBXTargetDependency;
			target = 1C230CED2A93FB8200D15A4A /* Table View */;
			targetProxy = 1C230D052A93FB9200D15A4A /* PBXContainerItemProxy */;
		};
		1C230D112A93FB9200D15A4A /* PBXTargetDependency */ = {
			isa = PBXTargetDependency;
			target = 1C230CED2A93FB8200D15A4A /* Table View */;
			targetProxy = 1C230D102A93FB9200D15A4A /* PBXContainerItemProxy */;
		};
/* End PBXTargetDependency section */

/* Begin PBXVariantGroup section */
		1C230CF72A93FB8200D15A4A /* Main.storyboard */ = {
			isa = PBXVariantGroup;
			children = (
				1C230CF82A93FB8200D15A4A /* Base */,
			);
			name = Main.storyboard;
			sourceTree = "<group>";
		};
		1C230CFC2A93FB9200D15A4A /* LaunchScreen.storyboard */ = {
			isa = PBXVariantGroup;
			children = (
				1C230CFD2A93FB9200D15A4A /* Base */,
			);
			name = LaunchScreen.storyboard;
			sourceTree = "<group>";
		};
/* End PBXVariantGroup section */

/* Begin XCBuildConfiguration section */
		1C230D162A93FB9200D15A4A /* Debug */ = {
			isa = XCBuildConfiguration;
			buildSettings = {
				ALWAYS_SEARCH_USER_PATHS = NO;
				CLANG_ANALYZER_NONNULL = YES;
				CLANG_ANALYZER_NUMBER_OBJECT_CONVERSION = YES_AGGRESSIVE;
				CLANG_CXX_LANGUAGE_STANDARD = "gnu++14";
				CLANG_CXX_LIBRARY = "libc++";
				CLANG_ENABLE_MODULES = YES;
				CLANG_ENABLE_OBJC_ARC = YES;
				CLANG_ENABLE_OBJC_WEAK = YES;
				CLANG_WARN_BLOCK_CAPTURE_AUTORELEASING = YES;
				CLANG_WARN_BOOL_CONVERSION = YES;
				CLANG_WARN_COMMA = YES;
				CLANG_WARN_CONSTANT_CONVERSION = YES;
				CLANG_WARN_DEPRECATED_OBJC_IMPLEMENTATIONS = YES;
				CLANG_WARN_DIRECT_OBJC_ISA_USAGE = YES_ERROR;
				CLANG_WARN_DOCUMENTATION_COMMENTS = YES;
				CLANG_WARN_EMPTY_BODY = YES;
				CLANG_WARN_ENUM_CONVERSION = YES;
				CLANG_WARN_INFINITE_RECURSION = YES;
				CLANG_WARN_INT_CONVERSION = YES;
				CLANG_WARN_NON_LITERAL_NULL_CONVERSION = YES;
				CLANG_WARN_OBJC_IMPLICIT_RETAIN_SELF = YES;
				CLANG_WARN_OBJC_LITERAL_CONVERSION = YES;
				CLANG_WARN_OBJC_ROOT_CLASS = YES_ERROR;
				CLANG_WARN_QUOTED_INCLUDE_IN_FRAMEWORK_HEADER = YES;
				CLANG_WARN_RANGE_LOOP_ANALYSIS = YES;
				CLANG_WARN_STRICT_PROTOTYPES = YES;
				CLANG_WARN_SUSPICIOUS_MOVE = YES;
				CLANG_WARN_UNGUARDED_AVAILABILITY = YES_AGGRESSIVE;
				CLANG_WARN_UNREACHABLE_CODE = YES;
				CLANG_WARN__DUPLICATE_METHOD_MATCH = YES;
				COPY_PHASE_STRIP = NO;
				DEBUG_INFORMATION_FORMAT = dwarf;
				ENABLE_STRICT_OBJC_MSGSEND = YES;
				ENABLE_TESTABILITY = YES;
				GCC_C_LANGUAGE_STANDARD = gnu11;
				GCC_DYNAMIC_NO_PIC = NO;
				GCC_NO_COMMON_BLOCKS = YES;
				GCC_OPTIMIZATION_LEVEL = 0;
				GCC_PREPROCESSOR_DEFINITIONS = (
					"DEBUG=1",
					"$(inherited)",
				);
				GCC_WARN_64_TO_32_BIT_CONVERSION = YES;
				GCC_WARN_ABOUT_RETURN_TYPE = YES_ERROR;
				GCC_WARN_UNDECLARED_SELECTOR = YES;
				GCC_WARN_UNINITIALIZED_AUTOS = YES_AGGRESSIVE;
				GCC_WARN_UNUSED_FUNCTION = YES;
				GCC_WARN_UNUSED_VARIABLE = YES;
				IPHONEOS_DEPLOYMENT_TARGET = 14.4;
				MTL_ENABLE_DEBUG_INFO = INCLUDE_SOURCE;
				MTL_FAST_MATH = YES;
				ONLY_ACTIVE_ARCH = YES;
				SDKROOT = iphoneos;
				SWIFT_ACTIVE_COMPILATION_CONDITIONS = DEBUG;
				SWIFT_OPTIMIZATION_LEVEL = "-Onone";
			};
			name = Debug;
		};
		1C230D172A93FB9200D15A4A /* Release */ = {
			isa = XCBuildConfiguration;
			buildSettings = {
				ALWAYS_SEARCH_USER_PATHS = NO;
				CLANG_ANALYZER_NONNULL = YES;
				CLANG_ANALYZER_NUMBER_OBJECT_CONVERSION = YES_AGGRESSIVE;
				CLANG_CXX_LANGUAGE_STANDARD = "gnu++14";
				CLANG_CXX_LIBRARY = "libc++";
				CLANG_ENABLE_MODULES = YES;
				CLANG_ENABLE_OBJC_ARC = YES;
				CLANG_ENABLE_OBJC_WEAK = YES;
				CLANG_WARN_BLOCK_CAPTURE_AUTORELEASING = YES;
				CLANG_WARN_BOOL_CONVERSION = YES;
				CLANG_WARN_COMMA = YES;
				CLANG_WARN_CONSTANT_CONVERSION = YES;
				CLANG_WARN_DEPRECATED_OBJC_IMPLEMENTATIONS = YES;
				CLANG_WARN_DIRECT_OBJC_ISA_USAGE = YES_ERROR;
				CLANG_WARN_DOCUMENTATION_COMMENTS = YES;
				CLANG_WARN_EMPTY_BODY = YES;
				CLANG_WARN_ENUM_CONVERSION = YES;
				CLANG_WARN_INFINITE_RECURSION = YES;
				CLANG_WARN_INT_CONVERSION = YES;
				CLANG_WARN_NON_LITERAL_NULL_CONVERSION = YES;
				CLANG_WARN_OBJC_IMPLICIT_RETAIN_SELF = YES;
				CLANG_WARN_OBJC_LITERAL_CONVERSION = YES;
				CLANG_WARN_OBJC_ROOT_CLASS = YES_ERROR;
				CLANG_WARN_QUOTED_INCLUDE_IN_FRAMEWORK_HEADER = YES;
				CLANG_WARN_RANGE_LOOP_ANALYSIS = YES;
				CLANG_WARN_STRICT_PROTOTYPES = YES;
				CLANG_WARN_SUSPICIOUS_MOVE = YES;
				CLANG_WARN_UNGUARDED_AVAILABILITY = YES_AGGRESSIVE;
				CLANG_WARN_UNREACHABLE_CODE = YES;
				CLANG_WARN__DUPLICATE_METHOD_MATCH = YES;
				COPY_PHASE_STRIP = NO;
				DEBUG_INFORMATION_FORMAT = "dwarf-with-dsym";
				ENABLE_NS_ASSERTIONS = NO;
				ENABLE_STRICT_OBJC_MSGSEND = YES;
				GCC_C_LANGUAGE_STANDARD = gnu11;
				GCC_NO_COMMON_BLOCKS = YES;
				GCC_WARN_64_TO_32_BIT_CONVERSION = YES;
				GCC_WARN_ABOUT_RETURN_TYPE = YES_ERROR;
				GCC_WARN_UNDECLARED_SELECTOR = YES;
				GCC_WARN_UNINITIALIZED_AUTOS = YES_AGGRESSIVE;
				GCC_WARN_UNUSED_FUNCTION = YES;
				GCC_WARN_UNUSED_VARIABLE = YES;
				IPHONEOS_DEPLOYMENT_TARGET = 14.4;
				MTL_ENABLE_DEBUG_INFO = NO;
				MTL_FAST_MATH = YES;
				SDKROOT = iphoneos;
				SWIFT_COMPILATION_MODE = wholemodule;
				SWIFT_OPTIMIZATION_LEVEL = "-O";
				VALIDATE_PRODUCT = YES;
			};
			name = Release;
		};
		1C230D192A93FB9200D15A4A /* Debug */ = {
			isa = XCBuildConfiguration;
			baseConfigurationReference = A5A09F90821046E10D5D6CA9 /* Pods-Table View.debug.xcconfig */;
			buildSettings = {
				ASSETCATALOG_COMPILER_APPICON_NAME = AppIcon;
				ASSETCATALOG_COMPILER_GLOBAL_ACCENT_COLOR_NAME = AccentColor;
				CODE_SIGN_STYLE = Automatic;
				DEVELOPMENT_TEAM = V6AW4GB2P6;
				INFOPLIST_FILE = "Table View/Info.plist";
				LD_RUNPATH_SEARCH_PATHS = (
					"$(inherited)",
					"@executable_path/Frameworks",
				);
				PRODUCT_BUNDLE_IDENTIFIER = "com.Roshka.Table-View";
				PRODUCT_NAME = "$(TARGET_NAME)";
				SWIFT_VERSION = 5.0;
				TARGETED_DEVICE_FAMILY = "1,2";
			};
			name = Debug;
		};
		1C230D1A2A93FB9200D15A4A /* Release */ = {
			isa = XCBuildConfiguration;
			baseConfigurationReference = D4936621C326897DDE493879 /* Pods-Table View.release.xcconfig */;
			buildSettings = {
				ASSETCATALOG_COMPILER_APPICON_NAME = AppIcon;
				ASSETCATALOG_COMPILER_GLOBAL_ACCENT_COLOR_NAME = AccentColor;
				CODE_SIGN_STYLE = Automatic;
				DEVELOPMENT_TEAM = V6AW4GB2P6;
				INFOPLIST_FILE = "Table View/Info.plist";
				LD_RUNPATH_SEARCH_PATHS = (
					"$(inherited)",
					"@executable_path/Frameworks",
				);
				PRODUCT_BUNDLE_IDENTIFIER = "com.Roshka.Table-View";
				PRODUCT_NAME = "$(TARGET_NAME)";
				SWIFT_VERSION = 5.0;
				TARGETED_DEVICE_FAMILY = "1,2";
			};
			name = Release;
		};
		1C230D1C2A93FB9200D15A4A /* Debug */ = {
			isa = XCBuildConfiguration;
			baseConfigurationReference = DEC843F7D7946F248D28B557 /* Pods-Table ViewTests.debug.xcconfig */;
			buildSettings = {
				ALWAYS_EMBED_SWIFT_STANDARD_LIBRARIES = YES;
				BUNDLE_LOADER = "$(TEST_HOST)";
				CODE_SIGN_STYLE = Automatic;
				DEVELOPMENT_TEAM = V6AW4GB2P6;
				INFOPLIST_FILE = "Table ViewTests/Info.plist";
				IPHONEOS_DEPLOYMENT_TARGET = 14.4;
				LD_RUNPATH_SEARCH_PATHS = (
					"$(inherited)",
					"@executable_path/Frameworks",
					"@loader_path/Frameworks",
				);
				PRODUCT_BUNDLE_IDENTIFIER = "com.Roshka.Table-ViewTests";
				PRODUCT_NAME = "$(TARGET_NAME)";
				SWIFT_VERSION = 5.0;
				TARGETED_DEVICE_FAMILY = "1,2";
				TEST_HOST = "$(BUILT_PRODUCTS_DIR)/Table View.app/Table View";
			};
			name = Debug;
		};
		1C230D1D2A93FB9200D15A4A /* Release */ = {
			isa = XCBuildConfiguration;
			baseConfigurationReference = F81E574BE3CB05486BC9542D /* Pods-Table ViewTests.release.xcconfig */;
			buildSettings = {
				ALWAYS_EMBED_SWIFT_STANDARD_LIBRARIES = YES;
				BUNDLE_LOADER = "$(TEST_HOST)";
				CODE_SIGN_STYLE = Automatic;
				DEVELOPMENT_TEAM = V6AW4GB2P6;
				INFOPLIST_FILE = "Table ViewTests/Info.plist";
				IPHONEOS_DEPLOYMENT_TARGET = 14.4;
				LD_RUNPATH_SEARCH_PATHS = (
					"$(inherited)",
					"@executable_path/Frameworks",
					"@loader_path/Frameworks",
				);
				PRODUCT_BUNDLE_IDENTIFIER = "com.Roshka.Table-ViewTests";
				PRODUCT_NAME = "$(TARGET_NAME)";
				SWIFT_VERSION = 5.0;
				TARGETED_DEVICE_FAMILY = "1,2";
				TEST_HOST = "$(BUILT_PRODUCTS_DIR)/Table View.app/Table View";
			};
			name = Release;
		};
		1C230D1F2A93FB9200D15A4A /* Debug */ = {
			isa = XCBuildConfiguration;
			baseConfigurationReference = 50BCF10E8BF5FB3D2EC16507 /* Pods-Table View-Table ViewUITests.debug.xcconfig */;
			buildSettings = {
				ALWAYS_EMBED_SWIFT_STANDARD_LIBRARIES = YES;
				CODE_SIGN_STYLE = Automatic;
				DEVELOPMENT_TEAM = V6AW4GB2P6;
				INFOPLIST_FILE = "Table ViewUITests/Info.plist";
				LD_RUNPATH_SEARCH_PATHS = (
					"$(inherited)",
					"@executable_path/Frameworks",
					"@loader_path/Frameworks",
				);
				PRODUCT_BUNDLE_IDENTIFIER = "com.Roshka.Table-ViewUITests";
				PRODUCT_NAME = "$(TARGET_NAME)";
				SWIFT_VERSION = 5.0;
				TARGETED_DEVICE_FAMILY = "1,2";
				TEST_TARGET_NAME = "Table View";
			};
			name = Debug;
		};
		1C230D202A93FB9200D15A4A /* Release */ = {
			isa = XCBuildConfiguration;
			baseConfigurationReference = CC84A1DA226B25123406916B /* Pods-Table View-Table ViewUITests.release.xcconfig */;
			buildSettings = {
				ALWAYS_EMBED_SWIFT_STANDARD_LIBRARIES = YES;
				CODE_SIGN_STYLE = Automatic;
				DEVELOPMENT_TEAM = V6AW4GB2P6;
				INFOPLIST_FILE = "Table ViewUITests/Info.plist";
				LD_RUNPATH_SEARCH_PATHS = (
					"$(inherited)",
					"@executable_path/Frameworks",
					"@loader_path/Frameworks",
				);
				PRODUCT_BUNDLE_IDENTIFIER = "com.Roshka.Table-ViewUITests";
				PRODUCT_NAME = "$(TARGET_NAME)";
				SWIFT_VERSION = 5.0;
				TARGETED_DEVICE_FAMILY = "1,2";
				TEST_TARGET_NAME = "Table View";
			};
			name = Release;
		};
/* End XCBuildConfiguration section */

/* Begin XCConfigurationList section */
		1C230CE92A93FB8200D15A4A /* Build configuration list for PBXProject "Table View" */ = {
			isa = XCConfigurationList;
			buildConfigurations = (
				1C230D162A93FB9200D15A4A /* Debug */,
				1C230D172A93FB9200D15A4A /* Release */,
			);
			defaultConfigurationIsVisible = 0;
			defaultConfigurationName = Release;
		};
		1C230D182A93FB9200D15A4A /* Build configuration list for PBXNativeTarget "Table View" */ = {
			isa = XCConfigurationList;
			buildConfigurations = (
				1C230D192A93FB9200D15A4A /* Debug */,
				1C230D1A2A93FB9200D15A4A /* Release */,
			);
			defaultConfigurationIsVisible = 0;
			defaultConfigurationName = Release;
		};
		1C230D1B2A93FB9200D15A4A /* Build configuration list for PBXNativeTarget "Table ViewTests" */ = {
			isa = XCConfigurationList;
			buildConfigurations = (
				1C230D1C2A93FB9200D15A4A /* Debug */,
				1C230D1D2A93FB9200D15A4A /* Release */,
			);
			defaultConfigurationIsVisible = 0;
			defaultConfigurationName = Release;
		};
		1C230D1E2A93FB9200D15A4A /* Build configuration list for PBXNativeTarget "Table ViewUITests" */ = {
			isa = XCConfigurationList;
			buildConfigurations = (
				1C230D1F2A93FB9200D15A4A /* Debug */,
				1C230D202A93FB9200D15A4A /* Release */,
			);
			defaultConfigurationIsVisible = 0;
			defaultConfigurationName = Release;
		};
/* End XCConfigurationList section */
	};
	rootObject = 1C230CE62A93FB8200D15A4A /* Project object */;
}
